
Microsoft Visual Studio Solution File, Format Version 12.00
# Visual Studio Version 16
VisualStudioVersion = 16.0.30611.23
MinimumVisualStudioVersion = 10.0.40219.1
Project("{FAE04EC0-301F-11D3-BF4B-00C04F79EFBC}") = "OasisFamiliarWebSite", "OasisFamiliarWebSite\OasisFamiliarWebSite.csproj", "{6FB2E00E-2E7A-418D-A178-2633550514C3}"
EndProject
Project("{FAE04EC0-301F-11D3-BF4B-00C04F79EFBC}") = "Model", "Model\Model.csproj", "{A5850C87-31A2-4665-9E7F-C8A7EF7348DD}"
EndProject
Project("{FAE04EC0-301F-11D3-BF4B-00C04F79EFBC}") = "OasisFamiliarServices", "OasisFamiliarServices\OasisFamiliarServices.csproj", "{C7F45EFF-8241-4016-B5D6-7028A6B5CBCC}"
EndProject
Global
	GlobalSection(SolutionConfigurationPlatforms) = preSolution
		Debug|Any CPU = Debug|Any CPU
		Release|Any CPU = Release|Any CPU
	EndGlobalSection
	GlobalSection(ProjectConfigurationPlatforms) = postSolution
		{6FB2E00E-2E7A-418D-A178-2633550514C3}.Debug|Any CPU.ActiveCfg = Debug|Any CPU
		{6FB2E00E-2E7A-418D-A178-2633550514C3}.Debug|Any CPU.Build.0 = Debug|Any CPU
		{6FB2E00E-2E7A-418D-A178-2633550514C3}.Release|Any CPU.ActiveCfg = Release|Any CPU
		{6FB2E00E-2E7A-418D-A178-2633550514C3}.Release|Any CPU.Build.0 = Release|Any CPU
		{A5850C87-31A2-4665-9E7F-C8A7EF7348DD}.Debug|Any CPU.ActiveCfg = Debug|Any CPU
		{A5850C87-31A2-4665-9E7F-C8A7EF7348DD}.Debug|Any CPU.Build.0 = Debug|Any CPU
		{A5850C87-31A2-4665-9E7F-C8A7EF7348DD}.Release|Any CPU.ActiveCfg = Release|Any CPU
		{A5850C87-31A2-4665-9E7F-C8A7EF7348DD}.Release|Any CPU.Build.0 = Release|Any CPU
		{C7F45EFF-8241-4016-B5D6-7028A6B5CBCC}.Debug|Any CPU.ActiveCfg = Debug|Any CPU
		{C7F45EFF-8241-4016-B5D6-7028A6B5CBCC}.Debug|Any CPU.Build.0 = Debug|Any CPU
		{C7F45EFF-8241-4016-B5D6-7028A6B5CBCC}.Release|Any CPU.ActiveCfg = Release|Any CPU
		{C7F45EFF-8241-4016-B5D6-7028A6B5CBCC}.Release|Any CPU.Build.0 = Release|Any CPU
	EndGlobalSection
	GlobalSection(SolutionProperties) = preSolution
		HideSolutionNode = FALSE
	EndGlobalSection
	GlobalSection(ExtensibilityGlobals) = postSolution
		SolutionGuid = {6C1C5883-CD82-4350-B25D-78F08A8E972E}
	EndGlobalSection
EndGlobal
